// !$*UTF8*$!
{
	archiveVersion = 1;
	classes = {
	};
	objectVersion = 46;
	objects = {

/* Begin PBXBuildFile section */
		1DFA70C89E70D057A9C05957 /* Pods_ServeTests.framework in Frameworks */ = {isa = PBXBuildFile; fileRef = E39F954998A0D2FA09FFAECF /* Pods_ServeTests.framework */; };
		586A86B5A1D54401B9DBDC3B /* Pods_Serve.framework in Frameworks */ = {isa = PBXBuildFile; fileRef = 82D9DBFBCCF5938FE5016D29 /* Pods_Serve.framework */; };
		861483161F1691A300C18917 /* Feed.storyboard in Resources */ = {isa = PBXBuildFile; fileRef = 861483151F1691A300C18917 /* Feed.storyboard */; };
		8614831A1F16A44A00C18917 /* IndividualLoginViewController.swift in Sources */ = {isa = PBXBuildFile; fileRef = 861483191F16A44A00C18917 /* IndividualLoginViewController.swift */; };
		8614832A1F17EC2D00C18917 /* OrgLoginViewController.swift in Sources */ = {isa = PBXBuildFile; fileRef = 861483291F17EC2D00C18917 /* OrgLoginViewController.swift */; };
		8614832C1F17F2AE00C18917 /* CauseCell.swift in Sources */ = {isa = PBXBuildFile; fileRef = 8614832B1F17F2AE00C18917 /* CauseCell.swift */; };
		8614832E1F18305000C18917 /* Map.storyboard in Resources */ = {isa = PBXBuildFile; fileRef = 8614832D1F18305000C18917 /* Map.storyboard */; };
		861483321F18425D00C18917 /* MapViewController.swift in Sources */ = {isa = PBXBuildFile; fileRef = 861483311F18425D00C18917 /* MapViewController.swift */; };
		862B70B61F38F8A5009DB3C1 /* CurrentLocationWindow.xib in Resources */ = {isa = PBXBuildFile; fileRef = 862B70B51F38F8A5009DB3C1 /* CurrentLocationWindow.xib */; };
		86B66C0D1F3A8A9000A4E7C7 /* AchievementsViewController.swift in Sources */ = {isa = PBXBuildFile; fileRef = 86B66C0A1F3A8A9000A4E7C7 /* AchievementsViewController.swift */; };
		86B66C0E1F3A8A9000A4E7C7 /* Following.swift in Sources */ = {isa = PBXBuildFile; fileRef = 86B66C0B1F3A8A9000A4E7C7 /* Following.swift */; };
		86B66C0F1F3A8A9000A4E7C7 /* HighFiveViewController.swift in Sources */ = {isa = PBXBuildFile; fileRef = 86B66C0C1F3A8A9000A4E7C7 /* HighFiveViewController.swift */; };
		86B66C111F3A8AE300A4E7C7 /* hands.gif in Resources */ = {isa = PBXBuildFile; fileRef = 86B66C101F3A8AE300A4E7C7 /* hands.gif */; };
		A00FB5961F1ED45A0036340D /* OrgCollectionViewCell.swift in Sources */ = {isa = PBXBuildFile; fileRef = A00FB5951F1ED45A0036340D /* OrgCollectionViewCell.swift */; };
		A00FB5981F1ED46C0036340D /* EventCollectionViewCell.swift in Sources */ = {isa = PBXBuildFile; fileRef = A00FB5971F1ED46C0036340D /* EventCollectionViewCell.swift */; };
		A03D91511F26CC22006CF35F /* CausesPopUpViewController.swift in Sources */ = {isa = PBXBuildFile; fileRef = A03D91501F26CC22006CF35F /* CausesPopUpViewController.swift */; };
		A03D91531F26CC2A006CF35F /* CauseTableViewCell.swift in Sources */ = {isa = PBXBuildFile; fileRef = A03D91521F26CC2A006CF35F /* CauseTableViewCell.swift */; };
		A03D91551F26CC3F006CF35F /* CauseTVCellDelegate.swift in Sources */ = {isa = PBXBuildFile; fileRef = A03D91541F26CC3F006CF35F /* CauseTVCellDelegate.swift */; };
		A03D91571F280422006CF35F /* ComposeUpdateViewController.swift in Sources */ = {isa = PBXBuildFile; fileRef = A03D91561F280422006CF35F /* ComposeUpdateViewController.swift */; };
		A03D91591F2950BE006CF35F /* AcceptedUsersViewController.swift in Sources */ = {isa = PBXBuildFile; fileRef = A03D91581F2950BE006CF35F /* AcceptedUsersViewController.swift */; };
		A03D915B1F2950C6006CF35F /* GMSCircle + FitBounds.swift in Sources */ = {isa = PBXBuildFile; fileRef = A03D915A1F2950C6006CF35F /* GMSCircle + FitBounds.swift */; };
		A03D915D1F2950D3006CF35F /* UserCell.swift in Sources */ = {isa = PBXBuildFile; fileRef = A03D915C1F2950D3006CF35F /* UserCell.swift */; };
		A03D915F1F296BA9006CF35F /* PostDetailViewController.swift in Sources */ = {isa = PBXBuildFile; fileRef = A03D915E1F296BA9006CF35F /* PostDetailViewController.swift */; };
		A03D91611F2A62B7006CF35F /* PostCommentCell.swift in Sources */ = {isa = PBXBuildFile; fileRef = A03D91601F2A62B7006CF35F /* PostCommentCell.swift */; };
		A03D91631F2A79A4006CF35F /* Comment.swift in Sources */ = {isa = PBXBuildFile; fileRef = A03D91621F2A79A4006CF35F /* Comment.swift */; };
		A03D919F1F30EE75006CF35F /* CauseDetailViewController.swift in Sources */ = {isa = PBXBuildFile; fileRef = A03D919E1F30EE75006CF35F /* CauseDetailViewController.swift */; };
		A03D91A11F30EE80006CF35F /* CustomInfoWindow.swift in Sources */ = {isa = PBXBuildFile; fileRef = A03D91A01F30EE80006CF35F /* CustomInfoWindow.swift */; };
		A03D91AD1F34FCD8006CF35F /* HomeWindow.xib in Resources */ = {isa = PBXBuildFile; fileRef = A03D91A91F34FCD8006CF35F /* HomeWindow.xib */; };
		A03D91AE1F34FCD8006CF35F /* InfoWindow.xib in Resources */ = {isa = PBXBuildFile; fileRef = A03D91AA1F34FCD8006CF35F /* InfoWindow.xib */; };
		A03D91AF1F34FCD8006CF35F /* OtherWindow.xib in Resources */ = {isa = PBXBuildFile; fileRef = A03D91AB1F34FCD8006CF35F /* OtherWindow.xib */; };
		A06309F21F215C2E002E886A /* BrowserViewController.swift in Sources */ = {isa = PBXBuildFile; fileRef = A06309F11F215C2E002E886A /* BrowserViewController.swift */; };
		A06309F41F215D2E002E886A /* EventBrowseCell.swift in Sources */ = {isa = PBXBuildFile; fileRef = A06309F31F215D2E002E886A /* EventBrowseCell.swift */; };
		A06309F61F216833002E886A /* OrgBrowseCell.swift in Sources */ = {isa = PBXBuildFile; fileRef = A06309F51F216833002E886A /* OrgBrowseCell.swift */; };
		A06309F81F216873002E886A /* PeopleBrowseCell.swift in Sources */ = {isa = PBXBuildFile; fileRef = A06309F71F216873002E886A /* PeopleBrowseCell.swift */; };
		A06309FA1F2675A9002E886A /* OtherUserViewController.swift in Sources */ = {isa = PBXBuildFile; fileRef = A06309F91F2675A9002E886A /* OtherUserViewController.swift */; };
		A06309FC1F2675B5002E886A /* MapSettingsViewController.swift in Sources */ = {isa = PBXBuildFile; fileRef = A06309FB1F2675B5002E886A /* MapSettingsViewController.swift */; };
		A06309FE1F2675C9002E886A /* SearchResultsViewController.swift in Sources */ = {isa = PBXBuildFile; fileRef = A06309FD1F2675C9002E886A /* SearchResultsViewController.swift */; };
		A0630A001F2675E7002E886A /* CreateCauseViewController.swift in Sources */ = {isa = PBXBuildFile; fileRef = A06309FF1F2675E7002E886A /* CreateCauseViewController.swift */; };
		A07AD2131F13FAC500100D69 /* AppDelegate.swift in Sources */ = {isa = PBXBuildFile; fileRef = A07AD2121F13FAC500100D69 /* AppDelegate.swift */; };
		A07AD2181F13FAC500100D69 /* Main.storyboard in Resources */ = {isa = PBXBuildFile; fileRef = A07AD2161F13FAC500100D69 /* Main.storyboard */; };
		A07AD21A1F13FAC500100D69 /* Assets.xcassets in Resources */ = {isa = PBXBuildFile; fileRef = A07AD2191F13FAC500100D69 /* Assets.xcassets */; };
		A07AD21D1F13FAC500100D69 /* LaunchScreen.storyboard in Resources */ = {isa = PBXBuildFile; fileRef = A07AD21B1F13FAC500100D69 /* LaunchScreen.storyboard */; };
		A07AD2281F13FAC500100D69 /* ServeTests.swift in Sources */ = {isa = PBXBuildFile; fileRef = A07AD2271F13FAC500100D69 /* ServeTests.swift */; };
		A07AD2331F13FAC500100D69 /* ServeUITests.swift in Sources */ = {isa = PBXBuildFile; fileRef = A07AD2321F13FAC500100D69 /* ServeUITests.swift */; };
		A07AD2411F144AF800100D69 /* LoginViewController.swift in Sources */ = {isa = PBXBuildFile; fileRef = A07AD2401F144AF800100D69 /* LoginViewController.swift */; };
		A07AD2431F15408600100D69 /* SignupViewController.swift in Sources */ = {isa = PBXBuildFile; fileRef = A07AD2421F15408600100D69 /* SignupViewController.swift */; };
		A07AD2451F156DC000100D69 /* FeedViewController.swift in Sources */ = {isa = PBXBuildFile; fileRef = A07AD2441F156DC000100D69 /* FeedViewController.swift */; };
		A07AD2471F1573BA00100D69 /* PostCell.swift in Sources */ = {isa = PBXBuildFile; fileRef = A07AD2461F1573BA00100D69 /* PostCell.swift */; };
		A0B95E7A1F16DB6C00EBD019 /* EventDetailViewController.swift in Sources */ = {isa = PBXBuildFile; fileRef = A0B95E791F16DB6C00EBD019 /* EventDetailViewController.swift */; };
		A0B95E821F185D4900EBD019 /* IndividualProfileViewController.swift in Sources */ = {isa = PBXBuildFile; fileRef = A0B95E811F185D4900EBD019 /* IndividualProfileViewController.swift */; };
		A0B95E841F185D6600EBD019 /* OrganizationProfileViewController.swift in Sources */ = {isa = PBXBuildFile; fileRef = A0B95E831F185D6600EBD019 /* OrganizationProfileViewController.swift */; };
		A0B95E861F185D7900EBD019 /* UserProfileViewController.swift in Sources */ = {isa = PBXBuildFile; fileRef = A0B95E851F185D7900EBD019 /* UserProfileViewController.swift */; };
		A0B95E8A1F1D94A200EBD019 /* EditProfileViewController.swift in Sources */ = {isa = PBXBuildFile; fileRef = A0B95E891F1D94A200EBD019 /* EditProfileViewController.swift */; };
		A0BE644C1F3A286300CA9595 /* Following.swift in Sources */ = {isa = PBXBuildFile; fileRef = A0BE644A1F3A286300CA9595 /* Following.swift */; };
		A0BE644D1F3A286300CA9595 /* HighFiveViewController.swift in Sources */ = {isa = PBXBuildFile; fileRef = A0BE644B1F3A286300CA9595 /* HighFiveViewController.swift */; };
		A0BE644F1F3A288900CA9595 /* AchievementsViewController.swift in Sources */ = {isa = PBXBuildFile; fileRef = A0BE644E1F3A288900CA9595 /* AchievementsViewController.swift */; };
		CC14168D1F16A06800BF2A81 /* Event.swift in Sources */ = {isa = PBXBuildFile; fileRef = CC14168C1F16A06800BF2A81 /* Event.swift */; };
		CC14168F1F16A42600BF2A81 /* CreateEventViewController.swift in Sources */ = {isa = PBXBuildFile; fileRef = CC14168E1F16A42600BF2A81 /* CreateEventViewController.swift */; };
		CC2453711F20146600D765E5 /* OrgEventDetailViewController.swift in Sources */ = {isa = PBXBuildFile; fileRef = CC2453701F20146600D765E5 /* OrgEventDetailViewController.swift */; };
		CC2453731F2014E400D765E5 /* Update.swift in Sources */ = {isa = PBXBuildFile; fileRef = CC2453721F2014E400D765E5 /* Update.swift */; };
		CC2453751F20151500D765E5 /* Cause.swift in Sources */ = {isa = PBXBuildFile; fileRef = CC2453741F20151500D765E5 /* Cause.swift */; };
		CC2453791F20157500D765E5 /* Pending.swift in Sources */ = {isa = PBXBuildFile; fileRef = CC2453781F20157500D765E5 /* Pending.swift */; };
		CC24537D1F2015F200D765E5 /* MapEventCell.swift in Sources */ = {isa = PBXBuildFile; fileRef = CC24537C1F2015F200D765E5 /* MapEventCell.swift */; };
		CCAF14F61F1835980097C7A3 /* OrgEventsViewController.swift in Sources */ = {isa = PBXBuildFile; fileRef = CCAF14F51F1835980097C7A3 /* OrgEventsViewController.swift */; };
		CCD755791F157F7D0033FF7A /* OrgStoryboard.storyboard in Resources */ = {isa = PBXBuildFile; fileRef = CCD755781F157F7D0033FF7A /* OrgStoryboard.storyboard */; };
		CCD8C2AF1F183A0E00B46AD7 /* EventTableViewCell.swift in Sources */ = {isa = PBXBuildFile; fileRef = CCD8C2AE1F183A0E00B46AD7 /* EventTableViewCell.swift */; };
		CCED38871F1D926500A3DD2E /* PendingApprovalsViewController.swift in Sources */ = {isa = PBXBuildFile; fileRef = CCED38831F1D926500A3DD2E /* PendingApprovalsViewController.swift */; };
		CCED38881F1D926500A3DD2E /* PendingCell.swift in Sources */ = {isa = PBXBuildFile; fileRef = CCED38841F1D926500A3DD2E /* PendingCell.swift */; };
		CCFB6C1C1F15A9F700E59D5C /* Individual.storyboard in Resources */ = {isa = PBXBuildFile; fileRef = CCFB6C1B1F15A9F700E59D5C /* Individual.storyboard */; };
		CCFB6C201F15DA1100E59D5C /* OrganizationViewController.swift in Sources */ = {isa = PBXBuildFile; fileRef = CCFB6C1F1F15DA1100E59D5C /* OrganizationViewController.swift */; };
		CCFB6C221F15DBAC00E59D5C /* EditOrganizationViewController.swift in Sources */ = {isa = PBXBuildFile; fileRef = CCFB6C211F15DBAC00E59D5C /* EditOrganizationViewController.swift */; };
		D86F88D19748B24B3D1761BA /* Pods_ServeUITests.framework in Frameworks */ = {isa = PBXBuildFile; fileRef = 14E9F438563D7547CA95F8E5 /* Pods_ServeUITests.framework */; };
/* End PBXBuildFile section */

/* Begin PBXContainerItemProxy section */
		A07AD2241F13FAC500100D69 /* PBXContainerItemProxy */ = {
			isa = PBXContainerItemProxy;
			containerPortal = A07AD2071F13FAC500100D69 /* Project object */;
			proxyType = 1;
			remoteGlobalIDString = A07AD20E1F13FAC500100D69;
			remoteInfo = Serve;
		};
		A07AD22F1F13FAC500100D69 /* PBXContainerItemProxy */ = {
			isa = PBXContainerItemProxy;
			containerPortal = A07AD2071F13FAC500100D69 /* Project object */;
			proxyType = 1;
			remoteGlobalIDString = A07AD20E1F13FAC500100D69;
			remoteInfo = Serve;
		};
/* End PBXContainerItemProxy section */

/* Begin PBXFileReference section */
		0C684013576F56B69AF242C7 /* Pods-Serve.release.xcconfig */ = {isa = PBXFileReference; includeInIndex = 1; lastKnownFileType = text.xcconfig; name = "Pods-Serve.release.xcconfig"; path = "Pods/Target Support Files/Pods-Serve/Pods-Serve.release.xcconfig"; sourceTree = "<group>"; };
		14E9F438563D7547CA95F8E5 /* Pods_ServeUITests.framework */ = {isa = PBXFileReference; explicitFileType = wrapper.framework; includeInIndex = 0; path = Pods_ServeUITests.framework; sourceTree = BUILT_PRODUCTS_DIR; };
		3492D380AC1AFE4AA9669989 /* Pods-ServeTests.debug.xcconfig */ = {isa = PBXFileReference; includeInIndex = 1; lastKnownFileType = text.xcconfig; name = "Pods-ServeTests.debug.xcconfig"; path = "Pods/Target Support Files/Pods-ServeTests/Pods-ServeTests.debug.xcconfig"; sourceTree = "<group>"; };
		35742753080F7F1B6D25345A /* Pods-ServeUITests.debug.xcconfig */ = {isa = PBXFileReference; includeInIndex = 1; lastKnownFileType = text.xcconfig; name = "Pods-ServeUITests.debug.xcconfig"; path = "Pods/Target Support Files/Pods-ServeUITests/Pods-ServeUITests.debug.xcconfig"; sourceTree = "<group>"; };
		3B5F90A3FC5007B9036E06F8 /* Pods-ServeUITests.release.xcconfig */ = {isa = PBXFileReference; includeInIndex = 1; lastKnownFileType = text.xcconfig; name = "Pods-ServeUITests.release.xcconfig"; path = "Pods/Target Support Files/Pods-ServeUITests/Pods-ServeUITests.release.xcconfig"; sourceTree = "<group>"; };
		82D9DBFBCCF5938FE5016D29 /* Pods_Serve.framework */ = {isa = PBXFileReference; explicitFileType = wrapper.framework; includeInIndex = 0; path = Pods_Serve.framework; sourceTree = BUILT_PRODUCTS_DIR; };
		861483151F1691A300C18917 /* Feed.storyboard */ = {isa = PBXFileReference; fileEncoding = 4; lastKnownFileType = file.storyboard; path = Feed.storyboard; sourceTree = "<group>"; };
		861483191F16A44A00C18917 /* IndividualLoginViewController.swift */ = {isa = PBXFileReference; fileEncoding = 4; lastKnownFileType = sourcecode.swift; path = IndividualLoginViewController.swift; sourceTree = "<group>"; };
		861483291F17EC2D00C18917 /* OrgLoginViewController.swift */ = {isa = PBXFileReference; fileEncoding = 4; lastKnownFileType = sourcecode.swift; path = OrgLoginViewController.swift; sourceTree = "<group>"; };
		8614832B1F17F2AE00C18917 /* CauseCell.swift */ = {isa = PBXFileReference; fileEncoding = 4; lastKnownFileType = sourcecode.swift; path = CauseCell.swift; sourceTree = "<group>"; };
		8614832D1F18305000C18917 /* Map.storyboard */ = {isa = PBXFileReference; fileEncoding = 4; lastKnownFileType = file.storyboard; path = Map.storyboard; sourceTree = "<group>"; };
		861483311F18425D00C18917 /* MapViewController.swift */ = {isa = PBXFileReference; fileEncoding = 4; lastKnownFileType = sourcecode.swift; path = MapViewController.swift; sourceTree = "<group>"; };
		862B70B51F38F8A5009DB3C1 /* CurrentLocationWindow.xib */ = {isa = PBXFileReference; fileEncoding = 4; lastKnownFileType = file.xib; path = CurrentLocationWindow.xib; sourceTree = "<group>"; };
		86B66C0A1F3A8A9000A4E7C7 /* AchievementsViewController.swift */ = {isa = PBXFileReference; fileEncoding = 4; lastKnownFileType = sourcecode.swift; path = AchievementsViewController.swift; sourceTree = "<group>"; };
		86B66C0B1F3A8A9000A4E7C7 /* Following.swift */ = {isa = PBXFileReference; fileEncoding = 4; lastKnownFileType = sourcecode.swift; path = Following.swift; sourceTree = "<group>"; };
		86B66C0C1F3A8A9000A4E7C7 /* HighFiveViewController.swift */ = {isa = PBXFileReference; fileEncoding = 4; lastKnownFileType = sourcecode.swift; path = HighFiveViewController.swift; sourceTree = "<group>"; };
		86B66C101F3A8AE300A4E7C7 /* hands.gif */ = {isa = PBXFileReference; lastKnownFileType = image.gif; name = hands.gif; path = ../../../../Documents/hands.gif; sourceTree = "<group>"; };
		A00FB5951F1ED45A0036340D /* OrgCollectionViewCell.swift */ = {isa = PBXFileReference; fileEncoding = 4; lastKnownFileType = sourcecode.swift; path = OrgCollectionViewCell.swift; sourceTree = "<group>"; };
		A00FB5971F1ED46C0036340D /* EventCollectionViewCell.swift */ = {isa = PBXFileReference; fileEncoding = 4; lastKnownFileType = sourcecode.swift; path = EventCollectionViewCell.swift; sourceTree = "<group>"; };
		A03D91501F26CC22006CF35F /* CausesPopUpViewController.swift */ = {isa = PBXFileReference; fileEncoding = 4; lastKnownFileType = sourcecode.swift; path = CausesPopUpViewController.swift; sourceTree = "<group>"; };
		A03D91521F26CC2A006CF35F /* CauseTableViewCell.swift */ = {isa = PBXFileReference; fileEncoding = 4; lastKnownFileType = sourcecode.swift; path = CauseTableViewCell.swift; sourceTree = "<group>"; };
		A03D91541F26CC3F006CF35F /* CauseTVCellDelegate.swift */ = {isa = PBXFileReference; fileEncoding = 4; lastKnownFileType = sourcecode.swift; path = CauseTVCellDelegate.swift; sourceTree = "<group>"; };
		A03D91561F280422006CF35F /* ComposeUpdateViewController.swift */ = {isa = PBXFileReference; fileEncoding = 4; lastKnownFileType = sourcecode.swift; path = ComposeUpdateViewController.swift; sourceTree = "<group>"; };
		A03D91581F2950BE006CF35F /* AcceptedUsersViewController.swift */ = {isa = PBXFileReference; fileEncoding = 4; lastKnownFileType = sourcecode.swift; path = AcceptedUsersViewController.swift; sourceTree = "<group>"; };
		A03D915A1F2950C6006CF35F /* GMSCircle + FitBounds.swift */ = {isa = PBXFileReference; fileEncoding = 4; lastKnownFileType = sourcecode.swift; path = "GMSCircle + FitBounds.swift"; sourceTree = "<group>"; };
		A03D915C1F2950D3006CF35F /* UserCell.swift */ = {isa = PBXFileReference; fileEncoding = 4; lastKnownFileType = sourcecode.swift; path = UserCell.swift; sourceTree = "<group>"; };
		A03D915E1F296BA9006CF35F /* PostDetailViewController.swift */ = {isa = PBXFileReference; fileEncoding = 4; lastKnownFileType = sourcecode.swift; path = PostDetailViewController.swift; sourceTree = "<group>"; };
		A03D91601F2A62B7006CF35F /* PostCommentCell.swift */ = {isa = PBXFileReference; fileEncoding = 4; lastKnownFileType = sourcecode.swift; path = PostCommentCell.swift; sourceTree = "<group>"; };
		A03D91621F2A79A4006CF35F /* Comment.swift */ = {isa = PBXFileReference; fileEncoding = 4; lastKnownFileType = sourcecode.swift; path = Comment.swift; sourceTree = "<group>"; };
		A03D919E1F30EE75006CF35F /* CauseDetailViewController.swift */ = {isa = PBXFileReference; fileEncoding = 4; lastKnownFileType = sourcecode.swift; path = CauseDetailViewController.swift; sourceTree = "<group>"; };
		A03D91A01F30EE80006CF35F /* CustomInfoWindow.swift */ = {isa = PBXFileReference; fileEncoding = 4; lastKnownFileType = sourcecode.swift; path = CustomInfoWindow.swift; sourceTree = "<group>"; };
		A03D91A91F34FCD8006CF35F /* HomeWindow.xib */ = {isa = PBXFileReference; fileEncoding = 4; lastKnownFileType = file.xib; path = HomeWindow.xib; sourceTree = "<group>"; };
		A03D91AA1F34FCD8006CF35F /* InfoWindow.xib */ = {isa = PBXFileReference; fileEncoding = 4; lastKnownFileType = file.xib; path = InfoWindow.xib; sourceTree = "<group>"; };
		A03D91AB1F34FCD8006CF35F /* OtherWindow.xib */ = {isa = PBXFileReference; fileEncoding = 4; lastKnownFileType = file.xib; path = OtherWindow.xib; sourceTree = "<group>"; };
		A03D91AC1F34FCD8006CF35F /* Serve.entitlements */ = {isa = PBXFileReference; fileEncoding = 4; lastKnownFileType = text.plist.entitlements; path = Serve.entitlements; sourceTree = "<group>"; };
		A06309F11F215C2E002E886A /* BrowserViewController.swift */ = {isa = PBXFileReference; fileEncoding = 4; lastKnownFileType = sourcecode.swift; path = BrowserViewController.swift; sourceTree = "<group>"; };
		A06309F31F215D2E002E886A /* EventBrowseCell.swift */ = {isa = PBXFileReference; fileEncoding = 4; lastKnownFileType = sourcecode.swift; path = EventBrowseCell.swift; sourceTree = "<group>"; };
		A06309F51F216833002E886A /* OrgBrowseCell.swift */ = {isa = PBXFileReference; fileEncoding = 4; lastKnownFileType = sourcecode.swift; path = OrgBrowseCell.swift; sourceTree = "<group>"; };
		A06309F71F216873002E886A /* PeopleBrowseCell.swift */ = {isa = PBXFileReference; fileEncoding = 4; lastKnownFileType = sourcecode.swift; path = PeopleBrowseCell.swift; sourceTree = "<group>"; };
		A06309F91F2675A9002E886A /* OtherUserViewController.swift */ = {isa = PBXFileReference; fileEncoding = 4; lastKnownFileType = sourcecode.swift; path = OtherUserViewController.swift; sourceTree = "<group>"; };
		A06309FB1F2675B5002E886A /* MapSettingsViewController.swift */ = {isa = PBXFileReference; fileEncoding = 4; lastKnownFileType = sourcecode.swift; path = MapSettingsViewController.swift; sourceTree = "<group>"; };
		A06309FD1F2675C9002E886A /* SearchResultsViewController.swift */ = {isa = PBXFileReference; fileEncoding = 4; lastKnownFileType = sourcecode.swift; path = SearchResultsViewController.swift; sourceTree = "<group>"; };
		A06309FF1F2675E7002E886A /* CreateCauseViewController.swift */ = {isa = PBXFileReference; fileEncoding = 4; lastKnownFileType = sourcecode.swift; path = CreateCauseViewController.swift; sourceTree = "<group>"; };
		A07AD20F1F13FAC500100D69 /* Serve.app */ = {isa = PBXFileReference; explicitFileType = wrapper.application; includeInIndex = 0; path = Serve.app; sourceTree = BUILT_PRODUCTS_DIR; };
		A07AD2121F13FAC500100D69 /* AppDelegate.swift */ = {isa = PBXFileReference; lastKnownFileType = sourcecode.swift; path = AppDelegate.swift; sourceTree = "<group>"; };
		A07AD2171F13FAC500100D69 /* Base */ = {isa = PBXFileReference; lastKnownFileType = file.storyboard; name = Base; path = Base.lproj/Main.storyboard; sourceTree = "<group>"; };
		A07AD2191F13FAC500100D69 /* Assets.xcassets */ = {isa = PBXFileReference; lastKnownFileType = folder.assetcatalog; path = Assets.xcassets; sourceTree = "<group>"; };
		A07AD21C1F13FAC500100D69 /* Base */ = {isa = PBXFileReference; lastKnownFileType = file.storyboard; name = Base; path = Base.lproj/LaunchScreen.storyboard; sourceTree = "<group>"; };
		A07AD21E1F13FAC500100D69 /* Info.plist */ = {isa = PBXFileReference; lastKnownFileType = text.plist.xml; path = Info.plist; sourceTree = "<group>"; };
		A07AD2231F13FAC500100D69 /* ServeTests.xctest */ = {isa = PBXFileReference; explicitFileType = wrapper.cfbundle; includeInIndex = 0; path = ServeTests.xctest; sourceTree = BUILT_PRODUCTS_DIR; };
		A07AD2271F13FAC500100D69 /* ServeTests.swift */ = {isa = PBXFileReference; lastKnownFileType = sourcecode.swift; path = ServeTests.swift; sourceTree = "<group>"; };
		A07AD2291F13FAC500100D69 /* Info.plist */ = {isa = PBXFileReference; lastKnownFileType = text.plist.xml; path = Info.plist; sourceTree = "<group>"; };
		A07AD22E1F13FAC500100D69 /* ServeUITests.xctest */ = {isa = PBXFileReference; explicitFileType = wrapper.cfbundle; includeInIndex = 0; path = ServeUITests.xctest; sourceTree = BUILT_PRODUCTS_DIR; };
		A07AD2321F13FAC500100D69 /* ServeUITests.swift */ = {isa = PBXFileReference; lastKnownFileType = sourcecode.swift; path = ServeUITests.swift; sourceTree = "<group>"; };
		A07AD2341F13FAC500100D69 /* Info.plist */ = {isa = PBXFileReference; lastKnownFileType = text.plist.xml; path = Info.plist; sourceTree = "<group>"; };
		A07AD2401F144AF800100D69 /* LoginViewController.swift */ = {isa = PBXFileReference; fileEncoding = 4; lastKnownFileType = sourcecode.swift; path = LoginViewController.swift; sourceTree = "<group>"; };
		A07AD2421F15408600100D69 /* SignupViewController.swift */ = {isa = PBXFileReference; fileEncoding = 4; lastKnownFileType = sourcecode.swift; path = SignupViewController.swift; sourceTree = "<group>"; };
		A07AD2441F156DC000100D69 /* FeedViewController.swift */ = {isa = PBXFileReference; fileEncoding = 4; lastKnownFileType = sourcecode.swift; path = FeedViewController.swift; sourceTree = "<group>"; };
		A07AD2461F1573BA00100D69 /* PostCell.swift */ = {isa = PBXFileReference; fileEncoding = 4; lastKnownFileType = sourcecode.swift; path = PostCell.swift; sourceTree = "<group>"; };
		A0B95E791F16DB6C00EBD019 /* EventDetailViewController.swift */ = {isa = PBXFileReference; fileEncoding = 4; lastKnownFileType = sourcecode.swift; path = EventDetailViewController.swift; sourceTree = "<group>"; };
		A0B95E811F185D4900EBD019 /* IndividualProfileViewController.swift */ = {isa = PBXFileReference; fileEncoding = 4; lastKnownFileType = sourcecode.swift; path = IndividualProfileViewController.swift; sourceTree = "<group>"; };
		A0B95E831F185D6600EBD019 /* OrganizationProfileViewController.swift */ = {isa = PBXFileReference; fileEncoding = 4; lastKnownFileType = sourcecode.swift; path = OrganizationProfileViewController.swift; sourceTree = "<group>"; };
		A0B95E851F185D7900EBD019 /* UserProfileViewController.swift */ = {isa = PBXFileReference; fileEncoding = 4; lastKnownFileType = sourcecode.swift; path = UserProfileViewController.swift; sourceTree = "<group>"; };
		A0B95E891F1D94A200EBD019 /* EditProfileViewController.swift */ = {isa = PBXFileReference; fileEncoding = 4; lastKnownFileType = sourcecode.swift; path = EditProfileViewController.swift; sourceTree = "<group>"; };
		A0BE644A1F3A286300CA9595 /* Following.swift */ = {isa = PBXFileReference; fileEncoding = 4; lastKnownFileType = sourcecode.swift; name = Following.swift; path = Serve/Following.swift; sourceTree = "<group>"; };
		A0BE644B1F3A286300CA9595 /* HighFiveViewController.swift */ = {isa = PBXFileReference; fileEncoding = 4; lastKnownFileType = sourcecode.swift; name = HighFiveViewController.swift; path = Serve/HighFiveViewController.swift; sourceTree = "<group>"; };
		A0BE644E1F3A288900CA9595 /* AchievementsViewController.swift */ = {isa = PBXFileReference; fileEncoding = 4; lastKnownFileType = sourcecode.swift; name = AchievementsViewController.swift; path = Serve/AchievementsViewController.swift; sourceTree = "<group>"; };
		CC14168C1F16A06800BF2A81 /* Event.swift */ = {isa = PBXFileReference; fileEncoding = 4; lastKnownFileType = sourcecode.swift; path = Event.swift; sourceTree = "<group>"; };
		CC14168E1F16A42600BF2A81 /* CreateEventViewController.swift */ = {isa = PBXFileReference; fileEncoding = 4; lastKnownFileType = sourcecode.swift; path = CreateEventViewController.swift; sourceTree = "<group>"; };
		CC2453701F20146600D765E5 /* OrgEventDetailViewController.swift */ = {isa = PBXFileReference; fileEncoding = 4; lastKnownFileType = sourcecode.swift; path = OrgEventDetailViewController.swift; sourceTree = "<group>"; };
		CC2453721F2014E400D765E5 /* Update.swift */ = {isa = PBXFileReference; fileEncoding = 4; lastKnownFileType = sourcecode.swift; path = Update.swift; sourceTree = "<group>"; };
		CC2453741F20151500D765E5 /* Cause.swift */ = {isa = PBXFileReference; fileEncoding = 4; lastKnownFileType = sourcecode.swift; path = Cause.swift; sourceTree = "<group>"; };
		CC2453781F20157500D765E5 /* Pending.swift */ = {isa = PBXFileReference; fileEncoding = 4; lastKnownFileType = sourcecode.swift; path = Pending.swift; sourceTree = "<group>"; };
		CC24537C1F2015F200D765E5 /* MapEventCell.swift */ = {isa = PBXFileReference; fileEncoding = 4; lastKnownFileType = sourcecode.swift; path = MapEventCell.swift; sourceTree = "<group>"; };
		CCAF14F51F1835980097C7A3 /* OrgEventsViewController.swift */ = {isa = PBXFileReference; fileEncoding = 4; lastKnownFileType = sourcecode.swift; path = OrgEventsViewController.swift; sourceTree = "<group>"; };
		CCD755781F157F7D0033FF7A /* OrgStoryboard.storyboard */ = {isa = PBXFileReference; fileEncoding = 4; lastKnownFileType = file.storyboard; path = OrgStoryboard.storyboard; sourceTree = "<group>"; };
		CCD8C2AE1F183A0E00B46AD7 /* EventTableViewCell.swift */ = {isa = PBXFileReference; fileEncoding = 4; lastKnownFileType = sourcecode.swift; path = EventTableViewCell.swift; sourceTree = "<group>"; };
		CCED38831F1D926500A3DD2E /* PendingApprovalsViewController.swift */ = {isa = PBXFileReference; fileEncoding = 4; lastKnownFileType = sourcecode.swift; path = PendingApprovalsViewController.swift; sourceTree = "<group>"; };
		CCED38841F1D926500A3DD2E /* PendingCell.swift */ = {isa = PBXFileReference; fileEncoding = 4; lastKnownFileType = sourcecode.swift; path = PendingCell.swift; sourceTree = "<group>"; };
		CCFB6C1B1F15A9F700E59D5C /* Individual.storyboard */ = {isa = PBXFileReference; fileEncoding = 4; lastKnownFileType = file.storyboard; path = Individual.storyboard; sourceTree = "<group>"; };
		CCFB6C1F1F15DA1100E59D5C /* OrganizationViewController.swift */ = {isa = PBXFileReference; fileEncoding = 4; lastKnownFileType = sourcecode.swift; path = OrganizationViewController.swift; sourceTree = "<group>"; };
		CCFB6C211F15DBAC00E59D5C /* EditOrganizationViewController.swift */ = {isa = PBXFileReference; fileEncoding = 4; lastKnownFileType = sourcecode.swift; path = EditOrganizationViewController.swift; sourceTree = "<group>"; };
		E39F954998A0D2FA09FFAECF /* Pods_ServeTests.framework */ = {isa = PBXFileReference; explicitFileType = wrapper.framework; includeInIndex = 0; path = Pods_ServeTests.framework; sourceTree = BUILT_PRODUCTS_DIR; };
		ED1C2CCCD0B7F017A061DDCF /* Pods-Serve.debug.xcconfig */ = {isa = PBXFileReference; includeInIndex = 1; lastKnownFileType = text.xcconfig; name = "Pods-Serve.debug.xcconfig"; path = "Pods/Target Support Files/Pods-Serve/Pods-Serve.debug.xcconfig"; sourceTree = "<group>"; };
		FC9A68B5413DB7B0DBCC5898 /* Pods-ServeTests.release.xcconfig */ = {isa = PBXFileReference; includeInIndex = 1; lastKnownFileType = text.xcconfig; name = "Pods-ServeTests.release.xcconfig"; path = "Pods/Target Support Files/Pods-ServeTests/Pods-ServeTests.release.xcconfig"; sourceTree = "<group>"; };
/* End PBXFileReference section */

/* Begin PBXFrameworksBuildPhase section */
		A07AD20C1F13FAC500100D69 /* Frameworks */ = {
			isa = PBXFrameworksBuildPhase;
			buildActionMask = 2147483647;
			files = (
				586A86B5A1D54401B9DBDC3B /* Pods_Serve.framework in Frameworks */,
			);
			runOnlyForDeploymentPostprocessing = 0;
		};
		A07AD2201F13FAC500100D69 /* Frameworks */ = {
			isa = PBXFrameworksBuildPhase;
			buildActionMask = 2147483647;
			files = (
				1DFA70C89E70D057A9C05957 /* Pods_ServeTests.framework in Frameworks */,
			);
			runOnlyForDeploymentPostprocessing = 0;
		};
		A07AD22B1F13FAC500100D69 /* Frameworks */ = {
			isa = PBXFrameworksBuildPhase;
			buildActionMask = 2147483647;
			files = (
				D86F88D19748B24B3D1761BA /* Pods_ServeUITests.framework in Frameworks */,
			);
			runOnlyForDeploymentPostprocessing = 0;
		};
/* End PBXFrameworksBuildPhase section */

/* Begin PBXGroup section */
		615B06F0AB5852115FA9694F /* Pods */ = {
			isa = PBXGroup;
			children = (
				ED1C2CCCD0B7F017A061DDCF /* Pods-Serve.debug.xcconfig */,
				0C684013576F56B69AF242C7 /* Pods-Serve.release.xcconfig */,
				3492D380AC1AFE4AA9669989 /* Pods-ServeTests.debug.xcconfig */,
				FC9A68B5413DB7B0DBCC5898 /* Pods-ServeTests.release.xcconfig */,
				35742753080F7F1B6D25345A /* Pods-ServeUITests.debug.xcconfig */,
				3B5F90A3FC5007B9036E06F8 /* Pods-ServeUITests.release.xcconfig */,
			);
			name = Pods;
			sourceTree = "<group>";
		};
		63BD30A3A43ADB819A6E3A8A /* Frameworks */ = {
			isa = PBXGroup;
			children = (
				82D9DBFBCCF5938FE5016D29 /* Pods_Serve.framework */,
				E39F954998A0D2FA09FFAECF /* Pods_ServeTests.framework */,
				14E9F438563D7547CA95F8E5 /* Pods_ServeUITests.framework */,
			);
			name = Frameworks;
			sourceTree = "<group>";
		};
		A07AD2061F13FAC500100D69 = {
			isa = PBXGroup;
			children = (
				A0BE644E1F3A288900CA9595 /* AchievementsViewController.swift */,
				A0BE644A1F3A286300CA9595 /* Following.swift */,
				A0BE644B1F3A286300CA9595 /* HighFiveViewController.swift */,
				A07AD2111F13FAC500100D69 /* Serve */,
				A07AD2261F13FAC500100D69 /* ServeTests */,
				A07AD2311F13FAC500100D69 /* ServeUITests */,
				A07AD2101F13FAC500100D69 /* Products */,
				615B06F0AB5852115FA9694F /* Pods */,
				63BD30A3A43ADB819A6E3A8A /* Frameworks */,
			);
			sourceTree = "<group>";
		};
		A07AD2101F13FAC500100D69 /* Products */ = {
			isa = PBXGroup;
			children = (
				A07AD20F1F13FAC500100D69 /* Serve.app */,
				A07AD2231F13FAC500100D69 /* ServeTests.xctest */,
				A07AD22E1F13FAC500100D69 /* ServeUITests.xctest */,
			);
			name = Products;
			sourceTree = "<group>";
		};
		A07AD2111F13FAC500100D69 /* Serve */ = {
			isa = PBXGroup;
			children = (
				A03D91AC1F34FCD8006CF35F /* Serve.entitlements */,
				A03D91A01F30EE80006CF35F /* CustomInfoWindow.swift */,
				A03D919E1F30EE75006CF35F /* CauseDetailViewController.swift */,
				A03D915C1F2950D3006CF35F /* UserCell.swift */,
				A03D915A1F2950C6006CF35F /* GMSCircle + FitBounds.swift */,
				A03D91581F2950BE006CF35F /* AcceptedUsersViewController.swift */,
				A03D91561F280422006CF35F /* ComposeUpdateViewController.swift */,
				CCD7557C1F158DFE0033FF7A /* Models */,
				CCD7557B1F158DF30033FF7A /* ViewControllers */,
				CCD7557A1F158C7E0033FF7A /* Storyboards */,
				CC2453821F20174900D765E5 /* Views */,
				CC2453811F20172D00D765E5 /* Support */,
			);
			path = Serve;
			sourceTree = "<group>";
		};
		A07AD2261F13FAC500100D69 /* ServeTests */ = {
			isa = PBXGroup;
			children = (
				A07AD2271F13FAC500100D69 /* ServeTests.swift */,
				A07AD2291F13FAC500100D69 /* Info.plist */,
			);
			path = ServeTests;
			sourceTree = "<group>";
		};
		A07AD2311F13FAC500100D69 /* ServeUITests */ = {
			isa = PBXGroup;
			children = (
				A07AD2321F13FAC500100D69 /* ServeUITests.swift */,
				A07AD2341F13FAC500100D69 /* Info.plist */,
			);
			path = ServeUITests;
			sourceTree = "<group>";
		};
		CC24537E1F2016C800D765E5 /* Org */ = {
			isa = PBXGroup;
			children = (
				CCFB6C1F1F15DA1100E59D5C /* OrganizationViewController.swift */,
				CCFB6C211F15DBAC00E59D5C /* EditOrganizationViewController.swift */,
				CC14168E1F16A42600BF2A81 /* CreateEventViewController.swift */,
				CC2453701F20146600D765E5 /* OrgEventDetailViewController.swift */,
				CCAF14F51F1835980097C7A3 /* OrgEventsViewController.swift */,
				CCED38831F1D926500A3DD2E /* PendingApprovalsViewController.swift */,
				A0B95E831F185D6600EBD019 /* OrganizationProfileViewController.swift */,
			);
			name = Org;
			sourceTree = "<group>";
		};
		CC24537F1F2016CF00D765E5 /* Individual */ = {
			isa = PBXGroup;
			children = (
				86B66C0A1F3A8A9000A4E7C7 /* AchievementsViewController.swift */,
				86B66C0B1F3A8A9000A4E7C7 /* Following.swift */,
				86B66C0C1F3A8A9000A4E7C7 /* HighFiveViewController.swift */,
				A03D91AA1F34FCD8006CF35F /* InfoWindow.xib */,
				A03D91A91F34FCD8006CF35F /* HomeWindow.xib */,
				862B70B51F38F8A5009DB3C1 /* CurrentLocationWindow.xib */,
				A03D91AB1F34FCD8006CF35F /* OtherWindow.xib */,
				A0B95E791F16DB6C00EBD019 /* EventDetailViewController.swift */,
				A0B95E811F185D4900EBD019 /* IndividualProfileViewController.swift */,
				861483311F18425D00C18917 /* MapViewController.swift */,
				A0B95E891F1D94A200EBD019 /* EditProfileViewController.swift */,
				A0B95E851F185D7900EBD019 /* UserProfileViewController.swift */,
				A07AD2441F156DC000100D69 /* FeedViewController.swift */,
				A06309F11F215C2E002E886A /* BrowserViewController.swift */,
				A03D915E1F296BA9006CF35F /* PostDetailViewController.swift */,
			);
			name = Individual;
			sourceTree = "<group>";
		};
		CC2453801F2016DA00D765E5 /* Login */ = {
			isa = PBXGroup;
			children = (
				861483291F17EC2D00C18917 /* OrgLoginViewController.swift */,
				A07AD2421F15408600100D69 /* SignupViewController.swift */,
				861483191F16A44A00C18917 /* IndividualLoginViewController.swift */,
				A07AD2401F144AF800100D69 /* LoginViewController.swift */,
			);
			name = Login;
			sourceTree = "<group>";
		};
		CC2453811F20172D00D765E5 /* Support */ = {
			isa = PBXGroup;
			children = (
				A07AD2121F13FAC500100D69 /* AppDelegate.swift */,
				86B66C101F3A8AE300A4E7C7 /* hands.gif */,
				A07AD2191F13FAC500100D69 /* Assets.xcassets */,
				A07AD21E1F13FAC500100D69 /* Info.plist */,
				A07AD21B1F13FAC500100D69 /* LaunchScreen.storyboard */,
			);
			name = Support;
			sourceTree = "<group>";
		};
		CC2453821F20174900D765E5 /* Views */ = {
			isa = PBXGroup;
			children = (
				A03D91521F26CC2A006CF35F /* CauseTableViewCell.swift */,
				A00FB5971F1ED46C0036340D /* EventCollectionViewCell.swift */,
				A07AD2461F1573BA00100D69 /* PostCell.swift */,
				A00FB5951F1ED45A0036340D /* OrgCollectionViewCell.swift */,
				CCED38841F1D926500A3DD2E /* PendingCell.swift */,
				8614832B1F17F2AE00C18917 /* CauseCell.swift */,
				CCD8C2AE1F183A0E00B46AD7 /* EventTableViewCell.swift */,
				CC24537C1F2015F200D765E5 /* MapEventCell.swift */,
				A06309F31F215D2E002E886A /* EventBrowseCell.swift */,
				A06309F51F216833002E886A /* OrgBrowseCell.swift */,
				A06309F71F216873002E886A /* PeopleBrowseCell.swift */,
				A03D91601F2A62B7006CF35F /* PostCommentCell.swift */,
			);
			name = Views;
			sourceTree = "<group>";
		};
		CCD7557A1F158C7E0033FF7A /* Storyboards */ = {
			isa = PBXGroup;
			children = (
				A07AD2161F13FAC500100D69 /* Main.storyboard */,
				8614832D1F18305000C18917 /* Map.storyboard */,
				CCD755781F157F7D0033FF7A /* OrgStoryboard.storyboard */,
				CCFB6C1B1F15A9F700E59D5C /* Individual.storyboard */,
				861483151F1691A300C18917 /* Feed.storyboard */,
			);
			name = Storyboards;
			sourceTree = "<group>";
		};
		CCD7557B1F158DF30033FF7A /* ViewControllers */ = {
			isa = PBXGroup;
			children = (
				A03D91501F26CC22006CF35F /* CausesPopUpViewController.swift */,
				A06309FF1F2675E7002E886A /* CreateCauseViewController.swift */,
				A06309FD1F2675C9002E886A /* SearchResultsViewController.swift */,
				A06309FB1F2675B5002E886A /* MapSettingsViewController.swift */,
				A06309F91F2675A9002E886A /* OtherUserViewController.swift */,
				CC24537E1F2016C800D765E5 /* Org */,
				CC24537F1F2016CF00D765E5 /* Individual */,
				CC2453801F2016DA00D765E5 /* Login */,
			);
			name = ViewControllers;
			sourceTree = "<group>";
		};
		CCD7557C1F158DFE0033FF7A /* Models */ = {
			isa = PBXGroup;
			children = (
				CC14168C1F16A06800BF2A81 /* Event.swift */,
				CC2453741F20151500D765E5 /* Cause.swift */,
				CC2453781F20157500D765E5 /* Pending.swift */,
				CC2453721F2014E400D765E5 /* Update.swift */,
				A03D91541F26CC3F006CF35F /* CauseTVCellDelegate.swift */,
				A03D91621F2A79A4006CF35F /* Comment.swift */,
			);
			name = Models;
			sourceTree = "<group>";
		};
/* End PBXGroup section */

/* Begin PBXNativeTarget section */
		A07AD20E1F13FAC500100D69 /* Serve */ = {
			isa = PBXNativeTarget;
			buildConfigurationList = A07AD2371F13FAC500100D69 /* Build configuration list for PBXNativeTarget "Serve" */;
			buildPhases = (
				1CFF1ED1FB25E0C2966849A6 /* [CP] Check Pods Manifest.lock */,
				A07AD20B1F13FAC500100D69 /* Sources */,
				A07AD20C1F13FAC500100D69 /* Frameworks */,
				A07AD20D1F13FAC500100D69 /* Resources */,
				DBFB77EB8F133A771FD537D1 /* [CP] Embed Pods Frameworks */,
				72864F58640A4D1E8E943364 /* [CP] Copy Pods Resources */,
			);
			buildRules = (
			);
			dependencies = (
			);
			name = Serve;
			productName = Serve;
			productReference = A07AD20F1F13FAC500100D69 /* Serve.app */;
			productType = "com.apple.product-type.application";
		};
		A07AD2221F13FAC500100D69 /* ServeTests */ = {
			isa = PBXNativeTarget;
			buildConfigurationList = A07AD23A1F13FAC500100D69 /* Build configuration list for PBXNativeTarget "ServeTests" */;
			buildPhases = (
				38197D4B1B3624C2ECE599CF /* [CP] Check Pods Manifest.lock */,
				A07AD21F1F13FAC500100D69 /* Sources */,
				A07AD2201F13FAC500100D69 /* Frameworks */,
				A07AD2211F13FAC500100D69 /* Resources */,
				E4A1D7F4AAFF9FB30522ECDC /* [CP] Embed Pods Frameworks */,
				52B57D13FE4D2F8870D30319 /* [CP] Copy Pods Resources */,
			);
			buildRules = (
			);
			dependencies = (
				A07AD2251F13FAC500100D69 /* PBXTargetDependency */,
			);
			name = ServeTests;
			productName = ServeTests;
			productReference = A07AD2231F13FAC500100D69 /* ServeTests.xctest */;
			productType = "com.apple.product-type.bundle.unit-test";
		};
		A07AD22D1F13FAC500100D69 /* ServeUITests */ = {
			isa = PBXNativeTarget;
			buildConfigurationList = A07AD23D1F13FAC500100D69 /* Build configuration list for PBXNativeTarget "ServeUITests" */;
			buildPhases = (
				BE5099A3534180151C79B64A /* [CP] Check Pods Manifest.lock */,
				A07AD22A1F13FAC500100D69 /* Sources */,
				A07AD22B1F13FAC500100D69 /* Frameworks */,
				A07AD22C1F13FAC500100D69 /* Resources */,
				3E5DDC0B4A3323369FB3FDCC /* [CP] Embed Pods Frameworks */,
				97866168C334C3E49A9FEF1C /* [CP] Copy Pods Resources */,
			);
			buildRules = (
			);
			dependencies = (
				A07AD2301F13FAC500100D69 /* PBXTargetDependency */,
			);
			name = ServeUITests;
			productName = ServeUITests;
			productReference = A07AD22E1F13FAC500100D69 /* ServeUITests.xctest */;
			productType = "com.apple.product-type.bundle.ui-testing";
		};
/* End PBXNativeTarget section */

/* Begin PBXProject section */
		A07AD2071F13FAC500100D69 /* Project object */ = {
			isa = PBXProject;
			attributes = {
				LastSwiftUpdateCheck = 0830;
				LastUpgradeCheck = 0830;
				ORGANIZATIONNAME = "Bamlak Gessessew";
				TargetAttributes = {
					A07AD20E1F13FAC500100D69 = {
						CreatedOnToolsVersion = 8.3.2;
						DevelopmentTeam = 2RV3P7RPT3;
						ProvisioningStyle = Automatic;
					};
					A07AD2221F13FAC500100D69 = {
						CreatedOnToolsVersion = 8.3.2;
						ProvisioningStyle = Automatic;
						TestTargetID = A07AD20E1F13FAC500100D69;
					};
					A07AD22D1F13FAC500100D69 = {
						CreatedOnToolsVersion = 8.3.2;
						ProvisioningStyle = Automatic;
						TestTargetID = A07AD20E1F13FAC500100D69;
					};
				};
			};
			buildConfigurationList = A07AD20A1F13FAC500100D69 /* Build configuration list for PBXProject "Serve" */;
			compatibilityVersion = "Xcode 3.2";
			developmentRegion = English;
			hasScannedForEncodings = 0;
			knownRegions = (
				en,
				Base,
			);
			mainGroup = A07AD2061F13FAC500100D69;
			productRefGroup = A07AD2101F13FAC500100D69 /* Products */;
			projectDirPath = "";
			projectRoot = "";
			targets = (
				A07AD20E1F13FAC500100D69 /* Serve */,
				A07AD2221F13FAC500100D69 /* ServeTests */,
				A07AD22D1F13FAC500100D69 /* ServeUITests */,
			);
		};
/* End PBXProject section */

/* Begin PBXResourcesBuildPhase section */
		A07AD20D1F13FAC500100D69 /* Resources */ = {
			isa = PBXResourcesBuildPhase;
			buildActionMask = 2147483647;
			files = (
				A03D91AD1F34FCD8006CF35F /* HomeWindow.xib in Resources */,
				CCD755791F157F7D0033FF7A /* OrgStoryboard.storyboard in Resources */,
				A03D91AF1F34FCD8006CF35F /* OtherWindow.xib in Resources */,
				8614832E1F18305000C18917 /* Map.storyboard in Resources */,
				A07AD21D1F13FAC500100D69 /* LaunchScreen.storyboard in Resources */,
				861483161F1691A300C18917 /* Feed.storyboard in Resources */,
				A03D91AE1F34FCD8006CF35F /* InfoWindow.xib in Resources */,
				A07AD21A1F13FAC500100D69 /* Assets.xcassets in Resources */,
				CCFB6C1C1F15A9F700E59D5C /* Individual.storyboard in Resources */,
				A07AD2181F13FAC500100D69 /* Main.storyboard in Resources */,
				862B70B61F38F8A5009DB3C1 /* CurrentLocationWindow.xib in Resources */,
				86B66C111F3A8AE300A4E7C7 /* hands.gif in Resources */,
			);
			runOnlyForDeploymentPostprocessing = 0;
		};
		A07AD2211F13FAC500100D69 /* Resources */ = {
			isa = PBXResourcesBuildPhase;
			buildActionMask = 2147483647;
			files = (
			);
			runOnlyForDeploymentPostprocessing = 0;
		};
		A07AD22C1F13FAC500100D69 /* Resources */ = {
			isa = PBXResourcesBuildPhase;
			buildActionMask = 2147483647;
			files = (
			);
			runOnlyForDeploymentPostprocessing = 0;
		};
/* End PBXResourcesBuildPhase section */

/* Begin PBXShellScriptBuildPhase section */
		1CFF1ED1FB25E0C2966849A6 /* [CP] Check Pods Manifest.lock */ = {
			isa = PBXShellScriptBuildPhase;
			buildActionMask = 2147483647;
			files = (
			);
			inputPaths = (
			);
			name = "[CP] Check Pods Manifest.lock";
			outputPaths = (
			);
			runOnlyForDeploymentPostprocessing = 0;
			shellPath = /bin/sh;
			shellScript = "diff \"${PODS_PODFILE_DIR_PATH}/Podfile.lock\" \"${PODS_ROOT}/Manifest.lock\" > /dev/null\nif [ $? != 0 ] ; then\n    # print error to STDERR\n    echo \"error: The sandbox is not in sync with the Podfile.lock. Run 'pod install' or update your CocoaPods installation.\" >&2\n    exit 1\nfi\n";
			showEnvVarsInLog = 0;
		};
		38197D4B1B3624C2ECE599CF /* [CP] Check Pods Manifest.lock */ = {
			isa = PBXShellScriptBuildPhase;
			buildActionMask = 2147483647;
			files = (
			);
			inputPaths = (
			);
			name = "[CP] Check Pods Manifest.lock";
			outputPaths = (
			);
			runOnlyForDeploymentPostprocessing = 0;
			shellPath = /bin/sh;
			shellScript = "diff \"${PODS_PODFILE_DIR_PATH}/Podfile.lock\" \"${PODS_ROOT}/Manifest.lock\" > /dev/null\nif [ $? != 0 ] ; then\n    # print error to STDERR\n    echo \"error: The sandbox is not in sync with the Podfile.lock. Run 'pod install' or update your CocoaPods installation.\" >&2\n    exit 1\nfi\n";
			showEnvVarsInLog = 0;
		};
		3E5DDC0B4A3323369FB3FDCC /* [CP] Embed Pods Frameworks */ = {
			isa = PBXShellScriptBuildPhase;
			buildActionMask = 2147483647;
			files = (
			);
			inputPaths = (
			);
			name = "[CP] Embed Pods Frameworks";
			outputPaths = (
			);
			runOnlyForDeploymentPostprocessing = 0;
			shellPath = /bin/sh;
			shellScript = "\"${SRCROOT}/Pods/Target Support Files/Pods-ServeUITests/Pods-ServeUITests-frameworks.sh\"\n";
			showEnvVarsInLog = 0;
		};
		52B57D13FE4D2F8870D30319 /* [CP] Copy Pods Resources */ = {
			isa = PBXShellScriptBuildPhase;
			buildActionMask = 2147483647;
			files = (
			);
			inputPaths = (
			);
			name = "[CP] Copy Pods Resources";
			outputPaths = (
			);
			runOnlyForDeploymentPostprocessing = 0;
			shellPath = /bin/sh;
			shellScript = "\"${SRCROOT}/Pods/Target Support Files/Pods-ServeTests/Pods-ServeTests-resources.sh\"\n";
			showEnvVarsInLog = 0;
		};
		72864F58640A4D1E8E943364 /* [CP] Copy Pods Resources */ = {
			isa = PBXShellScriptBuildPhase;
			buildActionMask = 2147483647;
			files = (
			);
			inputPaths = (
			);
			name = "[CP] Copy Pods Resources";
			outputPaths = (
			);
			runOnlyForDeploymentPostprocessing = 0;
			shellPath = /bin/sh;
			shellScript = "\"${SRCROOT}/Pods/Target Support Files/Pods-Serve/Pods-Serve-resources.sh\"\n";
			showEnvVarsInLog = 0;
		};
		97866168C334C3E49A9FEF1C /* [CP] Copy Pods Resources */ = {
			isa = PBXShellScriptBuildPhase;
			buildActionMask = 2147483647;
			files = (
			);
			inputPaths = (
			);
			name = "[CP] Copy Pods Resources";
			outputPaths = (
			);
			runOnlyForDeploymentPostprocessing = 0;
			shellPath = /bin/sh;
			shellScript = "\"${SRCROOT}/Pods/Target Support Files/Pods-ServeUITests/Pods-ServeUITests-resources.sh\"\n";
			showEnvVarsInLog = 0;
		};
		BE5099A3534180151C79B64A /* [CP] Check Pods Manifest.lock */ = {
			isa = PBXShellScriptBuildPhase;
			buildActionMask = 2147483647;
			files = (
			);
			inputPaths = (
			);
			name = "[CP] Check Pods Manifest.lock";
			outputPaths = (
			);
			runOnlyForDeploymentPostprocessing = 0;
			shellPath = /bin/sh;
			shellScript = "diff \"${PODS_PODFILE_DIR_PATH}/Podfile.lock\" \"${PODS_ROOT}/Manifest.lock\" > /dev/null\nif [ $? != 0 ] ; then\n    # print error to STDERR\n    echo \"error: The sandbox is not in sync with the Podfile.lock. Run 'pod install' or update your CocoaPods installation.\" >&2\n    exit 1\nfi\n";
			showEnvVarsInLog = 0;
		};
		DBFB77EB8F133A771FD537D1 /* [CP] Embed Pods Frameworks */ = {
			isa = PBXShellScriptBuildPhase;
			buildActionMask = 2147483647;
			files = (
			);
			inputPaths = (
			);
			name = "[CP] Embed Pods Frameworks";
			outputPaths = (
			);
			runOnlyForDeploymentPostprocessing = 0;
			shellPath = /bin/sh;
			shellScript = "\"${SRCROOT}/Pods/Target Support Files/Pods-Serve/Pods-Serve-frameworks.sh\"\n";
			showEnvVarsInLog = 0;
		};
		E4A1D7F4AAFF9FB30522ECDC /* [CP] Embed Pods Frameworks */ = {
			isa = PBXShellScriptBuildPhase;
			buildActionMask = 2147483647;
			files = (
			);
			inputPaths = (
			);
			name = "[CP] Embed Pods Frameworks";
			outputPaths = (
			);
			runOnlyForDeploymentPostprocessing = 0;
			shellPath = /bin/sh;
			shellScript = "\"${SRCROOT}/Pods/Target Support Files/Pods-ServeTests/Pods-ServeTests-frameworks.sh\"\n";
			showEnvVarsInLog = 0;
		};
/* End PBXShellScriptBuildPhase section */

/* Begin PBXSourcesBuildPhase section */
		A07AD20B1F13FAC500100D69 /* Sources */ = {
			isa = PBXSourcesBuildPhase;
			buildActionMask = 2147483647;
			files = (
				A07AD2431F15408600100D69 /* SignupViewController.swift in Sources */,
				CC14168D1F16A06800BF2A81 /* Event.swift in Sources */,
				CC24537D1F2015F200D765E5 /* MapEventCell.swift in Sources */,
				A0630A001F2675E7002E886A /* CreateCauseViewController.swift in Sources */,
				86B66C0D1F3A8A9000A4E7C7 /* AchievementsViewController.swift in Sources */,
				CCFB6C221F15DBAC00E59D5C /* EditOrganizationViewController.swift in Sources */,
				A06309FA1F2675A9002E886A /* OtherUserViewController.swift in Sources */,
				CC2453791F20157500D765E5 /* Pending.swift in Sources */,
				A07AD2411F144AF800100D69 /* LoginViewController.swift in Sources */,
				A00FB5961F1ED45A0036340D /* OrgCollectionViewCell.swift in Sources */,
				86B66C0E1F3A8A9000A4E7C7 /* Following.swift in Sources */,
				A03D91611F2A62B7006CF35F /* PostCommentCell.swift in Sources */,
				A03D91531F26CC2A006CF35F /* CauseTableViewCell.swift in Sources */,
				A03D91511F26CC22006CF35F /* CausesPopUpViewController.swift in Sources */,
				A06309F41F215D2E002E886A /* EventBrowseCell.swift in Sources */,
				CCD8C2AF1F183A0E00B46AD7 /* EventTableViewCell.swift in Sources */,
				CCED38881F1D926500A3DD2E /* PendingCell.swift in Sources */,
				A0B95E861F185D7900EBD019 /* UserProfileViewController.swift in Sources */,
				A03D915B1F2950C6006CF35F /* GMSCircle + FitBounds.swift in Sources */,
				A0BE644C1F3A286300CA9595 /* Following.swift in Sources */,
				CC2453731F2014E400D765E5 /* Update.swift in Sources */,
				A06309F81F216873002E886A /* PeopleBrowseCell.swift in Sources */,
				A07AD2451F156DC000100D69 /* FeedViewController.swift in Sources */,
				A03D91551F26CC3F006CF35F /* CauseTVCellDelegate.swift in Sources */,
				A00FB5981F1ED46C0036340D /* EventCollectionViewCell.swift in Sources */,
				A03D91631F2A79A4006CF35F /* Comment.swift in Sources */,
				A06309F61F216833002E886A /* OrgBrowseCell.swift in Sources */,
				A0B95E8A1F1D94A200EBD019 /* EditProfileViewController.swift in Sources */,
				A06309FC1F2675B5002E886A /* MapSettingsViewController.swift in Sources */,
				A0B95E841F185D6600EBD019 /* OrganizationProfileViewController.swift in Sources */,
				CCED38871F1D926500A3DD2E /* PendingApprovalsViewController.swift in Sources */,
				A03D915F1F296BA9006CF35F /* PostDetailViewController.swift in Sources */,
				A0BE644D1F3A286300CA9595 /* HighFiveViewController.swift in Sources */,
				A03D919F1F30EE75006CF35F /* CauseDetailViewController.swift in Sources */,
				A0BE644F1F3A288900CA9595 /* AchievementsViewController.swift in Sources */,
				A0B95E7A1F16DB6C00EBD019 /* EventDetailViewController.swift in Sources */,
				8614831A1F16A44A00C18917 /* IndividualLoginViewController.swift in Sources */,
				A0B95E821F185D4900EBD019 /* IndividualProfileViewController.swift in Sources */,
				A07AD2131F13FAC500100D69 /* AppDelegate.swift in Sources */,
				8614832C1F17F2AE00C18917 /* CauseCell.swift in Sources */,
				CCAF14F61F1835980097C7A3 /* OrgEventsViewController.swift in Sources */,
				A03D915D1F2950D3006CF35F /* UserCell.swift in Sources */,
				CC14168F1F16A42600BF2A81 /* CreateEventViewController.swift in Sources */,
				86B66C0F1F3A8A9000A4E7C7 /* HighFiveViewController.swift in Sources */,
				A03D91A11F30EE80006CF35F /* CustomInfoWindow.swift in Sources */,
				A06309F21F215C2E002E886A /* BrowserViewController.swift in Sources */,
				A06309FE1F2675C9002E886A /* SearchResultsViewController.swift in Sources */,
				A03D91571F280422006CF35F /* ComposeUpdateViewController.swift in Sources */,
				A07AD2471F1573BA00100D69 /* PostCell.swift in Sources */,
				CC2453711F20146600D765E5 /* OrgEventDetailViewController.swift in Sources */,
				CCFB6C201F15DA1100E59D5C /* OrganizationViewController.swift in Sources */,
				CC2453751F20151500D765E5 /* Cause.swift in Sources */,
				861483321F18425D00C18917 /* MapViewController.swift in Sources */,
				A03D91591F2950BE006CF35F /* AcceptedUsersViewController.swift in Sources */,
				8614832A1F17EC2D00C18917 /* OrgLoginViewController.swift in Sources */,
			);
			runOnlyForDeploymentPostprocessing = 0;
		};
		A07AD21F1F13FAC500100D69 /* Sources */ = {
			isa = PBXSourcesBuildPhase;
			buildActionMask = 2147483647;
			files = (
				A07AD2281F13FAC500100D69 /* ServeTests.swift in Sources */,
			);
			runOnlyForDeploymentPostprocessing = 0;
		};
		A07AD22A1F13FAC500100D69 /* Sources */ = {
			isa = PBXSourcesBuildPhase;
			buildActionMask = 2147483647;
			files = (
				A07AD2331F13FAC500100D69 /* ServeUITests.swift in Sources */,
			);
			runOnlyForDeploymentPostprocessing = 0;
		};
/* End PBXSourcesBuildPhase section */

/* Begin PBXTargetDependency section */
		A07AD2251F13FAC500100D69 /* PBXTargetDependency */ = {
			isa = PBXTargetDependency;
			target = A07AD20E1F13FAC500100D69 /* Serve */;
			targetProxy = A07AD2241F13FAC500100D69 /* PBXContainerItemProxy */;
		};
		A07AD2301F13FAC500100D69 /* PBXTargetDependency */ = {
			isa = PBXTargetDependency;
			target = A07AD20E1F13FAC500100D69 /* Serve */;
			targetProxy = A07AD22F1F13FAC500100D69 /* PBXContainerItemProxy */;
		};
/* End PBXTargetDependency section */

/* Begin PBXVariantGroup section */
		A07AD2161F13FAC500100D69 /* Main.storyboard */ = {
			isa = PBXVariantGroup;
			children = (
				A07AD2171F13FAC500100D69 /* Base */,
			);
			name = Main.storyboard;
			sourceTree = "<group>";
		};
		A07AD21B1F13FAC500100D69 /* LaunchScreen.storyboard */ = {
			isa = PBXVariantGroup;
			children = (
				A07AD21C1F13FAC500100D69 /* Base */,
			);
			name = LaunchScreen.storyboard;
			sourceTree = "<group>";
		};
/* End PBXVariantGroup section */

/* Begin XCBuildConfiguration section */
		A07AD2351F13FAC500100D69 /* Debug */ = {
			isa = XCBuildConfiguration;
			buildSettings = {
				ALWAYS_SEARCH_USER_PATHS = NO;
				CLANG_ANALYZER_NONNULL = YES;
				CLANG_ANALYZER_NUMBER_OBJECT_CONVERSION = YES_AGGRESSIVE;
				CLANG_CXX_LANGUAGE_STANDARD = "gnu++0x";
				CLANG_CXX_LIBRARY = "libc++";
				CLANG_ENABLE_MODULES = YES;
				CLANG_ENABLE_OBJC_ARC = YES;
				CLANG_WARN_BOOL_CONVERSION = YES;
				CLANG_WARN_CONSTANT_CONVERSION = YES;
				CLANG_WARN_DIRECT_OBJC_ISA_USAGE = YES_ERROR;
				CLANG_WARN_DOCUMENTATION_COMMENTS = YES;
				CLANG_WARN_EMPTY_BODY = YES;
				CLANG_WARN_ENUM_CONVERSION = YES;
				CLANG_WARN_INFINITE_RECURSION = YES;
				CLANG_WARN_INT_CONVERSION = YES;
				CLANG_WARN_OBJC_ROOT_CLASS = YES_ERROR;
				CLANG_WARN_SUSPICIOUS_MOVE = YES;
				CLANG_WARN_UNREACHABLE_CODE = YES;
				CLANG_WARN__DUPLICATE_METHOD_MATCH = YES;
				"CODE_SIGN_IDENTITY[sdk=iphoneos*]" = "iPhone Developer";
				COPY_PHASE_STRIP = NO;
				DEBUG_INFORMATION_FORMAT = dwarf;
				ENABLE_STRICT_OBJC_MSGSEND = YES;
				ENABLE_TESTABILITY = YES;
				GCC_C_LANGUAGE_STANDARD = gnu99;
				GCC_DYNAMIC_NO_PIC = NO;
				GCC_NO_COMMON_BLOCKS = YES;
				GCC_OPTIMIZATION_LEVEL = 0;
				GCC_PREPROCESSOR_DEFINITIONS = (
					"DEBUG=1",
					"$(inherited)",
				);
				GCC_WARN_64_TO_32_BIT_CONVERSION = YES;
				GCC_WARN_ABOUT_RETURN_TYPE = YES_ERROR;
				GCC_WARN_UNDECLARED_SELECTOR = YES;
				GCC_WARN_UNINITIALIZED_AUTOS = YES_AGGRESSIVE;
				GCC_WARN_UNUSED_FUNCTION = YES;
				GCC_WARN_UNUSED_VARIABLE = YES;
				IPHONEOS_DEPLOYMENT_TARGET = 10.3;
				MTL_ENABLE_DEBUG_INFO = YES;
				ONLY_ACTIVE_ARCH = YES;
				SDKROOT = iphoneos;
				SWIFT_ACTIVE_COMPILATION_CONDITIONS = DEBUG;
				SWIFT_OPTIMIZATION_LEVEL = "-Onone";
			};
			name = Debug;
		};
		A07AD2361F13FAC500100D69 /* Release */ = {
			isa = XCBuildConfiguration;
			buildSettings = {
				ALWAYS_SEARCH_USER_PATHS = NO;
				CLANG_ANALYZER_NONNULL = YES;
				CLANG_ANALYZER_NUMBER_OBJECT_CONVERSION = YES_AGGRESSIVE;
				CLANG_CXX_LANGUAGE_STANDARD = "gnu++0x";
				CLANG_CXX_LIBRARY = "libc++";
				CLANG_ENABLE_MODULES = YES;
				CLANG_ENABLE_OBJC_ARC = YES;
				CLANG_WARN_BOOL_CONVERSION = YES;
				CLANG_WARN_CONSTANT_CONVERSION = YES;
				CLANG_WARN_DIRECT_OBJC_ISA_USAGE = YES_ERROR;
				CLANG_WARN_DOCUMENTATION_COMMENTS = YES;
				CLANG_WARN_EMPTY_BODY = YES;
				CLANG_WARN_ENUM_CONVERSION = YES;
				CLANG_WARN_INFINITE_RECURSION = YES;
				CLANG_WARN_INT_CONVERSION = YES;
				CLANG_WARN_OBJC_ROOT_CLASS = YES_ERROR;
				CLANG_WARN_SUSPICIOUS_MOVE = YES;
				CLANG_WARN_UNREACHABLE_CODE = YES;
				CLANG_WARN__DUPLICATE_METHOD_MATCH = YES;
				"CODE_SIGN_IDENTITY[sdk=iphoneos*]" = "iPhone Developer";
				COPY_PHASE_STRIP = NO;
				DEBUG_INFORMATION_FORMAT = "dwarf-with-dsym";
				ENABLE_NS_ASSERTIONS = NO;
				ENABLE_STRICT_OBJC_MSGSEND = YES;
				GCC_C_LANGUAGE_STANDARD = gnu99;
				GCC_NO_COMMON_BLOCKS = YES;
				GCC_WARN_64_TO_32_BIT_CONVERSION = YES;
				GCC_WARN_ABOUT_RETURN_TYPE = YES_ERROR;
				GCC_WARN_UNDECLARED_SELECTOR = YES;
				GCC_WARN_UNINITIALIZED_AUTOS = YES_AGGRESSIVE;
				GCC_WARN_UNUSED_FUNCTION = YES;
				GCC_WARN_UNUSED_VARIABLE = YES;
				IPHONEOS_DEPLOYMENT_TARGET = 10.3;
				MTL_ENABLE_DEBUG_INFO = NO;
				SDKROOT = iphoneos;
				SWIFT_OPTIMIZATION_LEVEL = "-Owholemodule";
				VALIDATE_PRODUCT = YES;
			};
			name = Release;
		};
		A07AD2381F13FAC500100D69 /* Debug */ = {
			isa = XCBuildConfiguration;
			baseConfigurationReference = ED1C2CCCD0B7F017A061DDCF /* Pods-Serve.debug.xcconfig */;
			buildSettings = {
				ASSETCATALOG_COMPILER_APPICON_NAME = AppIcon;
				DEVELOPMENT_TEAM = 2RV3P7RPT3;
				INFOPLIST_FILE = Serve/Info.plist;
				LD_RUNPATH_SEARCH_PATHS = "$(inherited) @executable_path/Frameworks";
				PRODUCT_BUNDLE_IDENTIFIER = com.Olga.Serve;
				PRODUCT_NAME = "$(TARGET_NAME)";
				SWIFT_VERSION = 3.0;
			};
			name = Debug;
		};
		A07AD2391F13FAC500100D69 /* Release */ = {
			isa = XCBuildConfiguration;
			baseConfigurationReference = 0C684013576F56B69AF242C7 /* Pods-Serve.release.xcconfig */;
			buildSettings = {
				ASSETCATALOG_COMPILER_APPICON_NAME = AppIcon;
				DEVELOPMENT_TEAM = 2RV3P7RPT3;
				INFOPLIST_FILE = Serve/Info.plist;
				LD_RUNPATH_SEARCH_PATHS = "$(inherited) @executable_path/Frameworks";
				PRODUCT_BUNDLE_IDENTIFIER = com.Olga.Serve;
				PRODUCT_NAME = "$(TARGET_NAME)";
				SWIFT_VERSION = 3.0;
			};
			name = Release;
		};
		A07AD23B1F13FAC500100D69 /* Debug */ = {
			isa = XCBuildConfiguration;
			baseConfigurationReference = 3492D380AC1AFE4AA9669989 /* Pods-ServeTests.debug.xcconfig */;
			buildSettings = {
				ALWAYS_EMBED_SWIFT_STANDARD_LIBRARIES = YES;
				BUNDLE_LOADER = "$(TEST_HOST)";
				INFOPLIST_FILE = ServeTests/Info.plist;
				LD_RUNPATH_SEARCH_PATHS = "$(inherited) @executable_path/Frameworks @loader_path/Frameworks";
				PRODUCT_BUNDLE_IDENTIFIER = com.Bamlak.ServeTests;
				PRODUCT_NAME = "$(TARGET_NAME)";
				SWIFT_VERSION = 3.0;
				TEST_HOST = "$(BUILT_PRODUCTS_DIR)/Serve.app/Serve";
			};
			name = Debug;
		};
		A07AD23C1F13FAC500100D69 /* Release */ = {
			isa = XCBuildConfiguration;
			baseConfigurationReference = FC9A68B5413DB7B0DBCC5898 /* Pods-ServeTests.release.xcconfig */;
			buildSettings = {
				ALWAYS_EMBED_SWIFT_STANDARD_LIBRARIES = YES;
				BUNDLE_LOADER = "$(TEST_HOST)";
				INFOPLIST_FILE = ServeTests/Info.plist;
				LD_RUNPATH_SEARCH_PATHS = "$(inherited) @executable_path/Frameworks @loader_path/Frameworks";
				PRODUCT_BUNDLE_IDENTIFIER = com.Bamlak.ServeTests;
				PRODUCT_NAME = "$(TARGET_NAME)";
				SWIFT_VERSION = 3.0;
				TEST_HOST = "$(BUILT_PRODUCTS_DIR)/Serve.app/Serve";
			};
			name = Release;
		};
		A07AD23E1F13FAC500100D69 /* Debug */ = {
			isa = XCBuildConfiguration;
			baseConfigurationReference = 35742753080F7F1B6D25345A /* Pods-ServeUITests.debug.xcconfig */;
			buildSettings = {
				ALWAYS_EMBED_SWIFT_STANDARD_LIBRARIES = YES;
				INFOPLIST_FILE = ServeUITests/Info.plist;
				LD_RUNPATH_SEARCH_PATHS = "$(inherited) @executable_path/Frameworks @loader_path/Frameworks";
				PRODUCT_BUNDLE_IDENTIFIER = com.Bamlak.ServeUITests;
				PRODUCT_NAME = "$(TARGET_NAME)";
				SWIFT_VERSION = 3.0;
				TEST_TARGET_NAME = Serve;
			};
			name = Debug;
		};
		A07AD23F1F13FAC500100D69 /* Release */ = {
			isa = XCBuildConfiguration;
			baseConfigurationReference = 3B5F90A3FC5007B9036E06F8 /* Pods-ServeUITests.release.xcconfig */;
			buildSettings = {
				ALWAYS_EMBED_SWIFT_STANDARD_LIBRARIES = YES;
				INFOPLIST_FILE = ServeUITests/Info.plist;
				LD_RUNPATH_SEARCH_PATHS = "$(inherited) @executable_path/Frameworks @loader_path/Frameworks";
				PRODUCT_BUNDLE_IDENTIFIER = com.Bamlak.ServeUITests;
				PRODUCT_NAME = "$(TARGET_NAME)";
				SWIFT_VERSION = 3.0;
				TEST_TARGET_NAME = Serve;
			};
			name = Release;
		};
/* End XCBuildConfiguration section */

/* Begin XCConfigurationList section */
		A07AD20A1F13FAC500100D69 /* Build configuration list for PBXProject "Serve" */ = {
			isa = XCConfigurationList;
			buildConfigurations = (
				A07AD2351F13FAC500100D69 /* Debug */,
				A07AD2361F13FAC500100D69 /* Release */,
			);
			defaultConfigurationIsVisible = 0;
			defaultConfigurationName = Release;
		};
		A07AD2371F13FAC500100D69 /* Build configuration list for PBXNativeTarget "Serve" */ = {
			isa = XCConfigurationList;
			buildConfigurations = (
				A07AD2381F13FAC500100D69 /* Debug */,
				A07AD2391F13FAC500100D69 /* Release */,
			);
			defaultConfigurationIsVisible = 0;
			defaultConfigurationName = Release;
		};
		A07AD23A1F13FAC500100D69 /* Build configuration list for PBXNativeTarget "ServeTests" */ = {
			isa = XCConfigurationList;
			buildConfigurations = (
				A07AD23B1F13FAC500100D69 /* Debug */,
				A07AD23C1F13FAC500100D69 /* Release */,
			);
			defaultConfigurationIsVisible = 0;
			defaultConfigurationName = Release;
		};
		A07AD23D1F13FAC500100D69 /* Build configuration list for PBXNativeTarget "ServeUITests" */ = {
			isa = XCConfigurationList;
			buildConfigurations = (
				A07AD23E1F13FAC500100D69 /* Debug */,
				A07AD23F1F13FAC500100D69 /* Release */,
			);
			defaultConfigurationIsVisible = 0;
			defaultConfigurationName = Release;
		};
/* End XCConfigurationList section */
	};
	rootObject = A07AD2071F13FAC500100D69 /* Project object */;
}
